
Microsoft Visual Studio Solution File, Format Version 12.00
# Visual Studio Version 17
VisualStudioVersion = 17.11.35327.3
MinimumVisualStudioVersion = 10.0.40219.1
Project("{2150E333-8FDC-42A3-9474-1A3956D46DE8}") = "docs", "docs", "{0517EB27-43B1-44FF-AD50-CAB6B8F4EE47}"
	ProjectSection(SolutionItems) = preProject
		docs\ClassDiagram.drawio = docs\ClassDiagram.drawio
		docs\Screenshot 2023-07-07 121923.png = docs\Screenshot 2023-07-07 121923.png
		docs\SubDomains.drawio = docs\SubDomains.drawio
	EndProjectSection
EndProject
Project("{2150E333-8FDC-42A3-9474-1A3956D46DE8}") = "src", "src", "{726F2CD0-939F-43E2-9606-DB21B0204302}"
EndProject
Project("{2150E333-8FDC-42A3-9474-1A3956D46DE8}") = "Common", "Common", "{79592054-E16B-4F16-AC46-1A38A6F34FE9}"
EndProject
Project("{2150E333-8FDC-42A3-9474-1A3956D46DE8}") = "Modules", "Modules", "{76EA663A-884D-43A3-863C-7A7965770453}"
EndProject
Project("{2150E333-8FDC-42A3-9474-1A3956D46DE8}") = "EndPoints", "EndPoints", "{8A788EE5-E070-40BC-9AEE-BFF2E2FEAB15}"
EndProject
Project("{2150E333-8FDC-42A3-9474-1A3956D46DE8}") = "Blog", "Blog", "{98E5E6E6-22F0-4B9C-92B8-71B1812DD595}"
EndProject
Project("{9A19103F-16F7-4668-BE54-9A1E7A4F7556}") = "Common.Application", "src\Common\Common.Application\Common.Application.csproj", "{7EEBB81F-9891-4630-9371-4C58F558B8B2}"
EndProject
Project("{9A19103F-16F7-4668-BE54-9A1E7A4F7556}") = "Common.Domain", "src\Common\Common.Domain\Common.Domain.csproj", "{9526B78B-88A1-4A4B-9AE7-6573A8B46769}"
EndProject
Project("{9A19103F-16F7-4668-BE54-9A1E7A4F7556}") = "Common.Infrastructure", "src\Common\Common.Infrastructure\Common.Infrastructure.csproj", "{BF2533E1-A61A-4ABE-9A43-A46EEDCF0BAE}"
EndProject
Project("{9A19103F-16F7-4668-BE54-9A1E7A4F7556}") = "Common.Query", "src\Common\Common.Query\Common.Query.csproj", "{EC6E59EF-3D81-4F4B-BE79-DBC0BF2459CC}"
EndProject
Project("{2150E333-8FDC-42A3-9474-1A3956D46DE8}") = "Ticket", "Ticket", "{F784472E-08D2-4B25-BBAB-6BFBC163F2A6}"
EndProject
Project("{9A19103F-16F7-4668-BE54-9A1E7A4F7556}") = "TicketModule", "src\Modules\Ticket\TicketModule\TicketModule.csproj", "{AC323838-E0AB-4C8C-8085-DAF198CE2C9C}"
EndProject
Project("{2150E333-8FDC-42A3-9474-1A3956D46DE8}") = "User", "User", "{611C58A5-3FCA-4A4F-BEF4-5E22D5C5E5E8}"
EndProject
Project("{9A19103F-16F7-4668-BE54-9A1E7A4F7556}") = "DigiLearn.Web", "src\EndPoints\DigiLearn.Web\DigiLearn.Web.csproj", "{7EF24E9D-1566-45A3-9F8C-902598524037}"
EndProject
Project("{2150E333-8FDC-42A3-9474-1A3956D46DE8}") = "Core", "Core", "{93EDEE5B-4805-4946-8578-97C518AA89B9}"
EndProject
Project("{9A19103F-16F7-4668-BE54-9A1E7A4F7556}") = "UserModule.Data", "src\Modules\User\UserModule.Data\UserModule.Data.csproj", "{A2271FEA-693C-48AA-ADE1-BC7EC889D408}"
EndProject
Project("{9A19103F-16F7-4668-BE54-9A1E7A4F7556}") = "UserModule.Core", "src\Modules\User\UserModule.Core\UserModule.Core.csproj", "{4D25317D-15BC-4FD3-A205-E95F304A5317}"
EndProject
Project("{9A19103F-16F7-4668-BE54-9A1E7A4F7556}") = "CoreModule.Application", "src\Modules\Core\CoreModule.Application\CoreModule.Application.csproj", "{A6FCBB45-0267-40CE-9D52-F9F21CBF39AB}"
EndProject
Project("{9A19103F-16F7-4668-BE54-9A1E7A4F7556}") = "CoreModule.Config", "src\Modules\Core\CoreModule.Config\CoreModule.Config.csproj", "{384F4FF5-CEFF-456D-8A1B-EAD6E7CD36BE}"
EndProject
Project("{9A19103F-16F7-4668-BE54-9A1E7A4F7556}") = "CoreModule.Domain", "src\Modules\Core\CoreModule.Domain\CoreModule.Domain.csproj", "{0E60DADE-C499-4D62-86A0-47B422C98154}"
EndProject
Project("{9A19103F-16F7-4668-BE54-9A1E7A4F7556}") = "CoreModule.Query", "src\Modules\Core\CoreModule.Query\CoreModule.Query.csproj", "{58D75A55-FF55-4E60-A7B6-A0E76EF56129}"
EndProject
Project("{9A19103F-16F7-4668-BE54-9A1E7A4F7556}") = "CoreModule.Infrastructure", "src\Modules\Core\CoreModule.Infrastructure\CoreModule.Infrastructure.csproj", "{BAF9662A-4498-47B7-A4C2-2B92BB15F8A4}"
EndProject
Project("{9A19103F-16F7-4668-BE54-9A1E7A4F7556}") = "CoreModule.Facade", "src\Modules\Core\CoreModule.Facade\CoreModule.Facade.csproj", "{95FF185F-777E-40F3-839B-E2BC7F252500}"
EndProject
Project("{9A19103F-16F7-4668-BE54-9A1E7A4F7556}") = "Common.EventBus", "src\Common\Common.EventBus\Common.EventBus.csproj", "{08694EAF-1722-4D56-A70B-7720487A1572}"
EndProject
Project("{2150E333-8FDC-42A3-9474-1A3956D46DE8}") = "Comment", "Comment", "{413001E0-593C-4F38-978B-067C060DA081}"
EndProject
Project("{9A19103F-16F7-4668-BE54-9A1E7A4F7556}") = "CommentModule", "src\Modules\Comment\CommentModule\CommentModule.csproj", "{982C463B-6630-4EB5-B518-829036B4B009}"
EndProject
Project("{2150E333-8FDC-42A3-9474-1A3956D46DE8}") = "Transaction", "Transaction", "{07FB6F3B-9101-44F7-A80E-128A0C2F1924}"
EndProject
Project("{9A19103F-16F7-4668-BE54-9A1E7A4F7556}") = "TransactionModule", "src\Modules\Transaction\TransactionModule\TransactionModule.csproj", "{78266B90-7BD6-44D3-AAF3-3264D47D0015}"
EndProject
Project("{2150E333-8FDC-42A3-9474-1A3956D46DE8}") = "Banner", "Banner", "{D4D8D278-EC03-4EA5-A63C-71D6288892C2}"
EndProject
Project("{9A19103F-16F7-4668-BE54-9A1E7A4F7556}") = "BlogModule", "src\Modules\Blog\BlogModule\BlogModule.csproj", "{6EC34A53-619E-4269-AD3C-5799F3FA990B}"
EndProject
Project("{FAE04EC0-301F-11D3-BF4B-00C04F79EFBC}") = "BannerModule", "src\Modules\Banner\BannerModule\BannerModule.csproj", "{7594DCF2-FBFC-448A-923F-0572B6FE6487}"
EndProject
Project("{2150E333-8FDC-42A3-9474-1A3956D46DE8}") = "test", "test", "{6BD13FCE-9B8D-4726-9B84-C535FEDA321C}"
EndProject
Project("{FAE04EC0-301F-11D3-BF4B-00C04F79EFBC}") = "TestProject1", "test\TestProject1\TestProject1.csproj", "{8648EA52-DDF2-41E0-994D-74C0DB91653F}"
EndProject
Global
	GlobalSection(SolutionConfigurationPlatforms) = preSolution
		Debug|Any CPU = Debug|Any CPU
		Release|Any CPU = Release|Any CPU
	EndGlobalSection
	GlobalSection(ProjectConfigurationPlatforms) = postSolution
		{7EEBB81F-9891-4630-9371-4C58F558B8B2}.Debug|Any CPU.ActiveCfg = Debug|Any CPU
		{7EEBB81F-9891-4630-9371-4C58F558B8B2}.Debug|Any CPU.Build.0 = Debug|Any CPU
		{7EEBB81F-9891-4630-9371-4C58F558B8B2}.Release|Any CPU.ActiveCfg = Release|Any CPU
		{7EEBB81F-9891-4630-9371-4C58F558B8B2}.Release|Any CPU.Build.0 = Release|Any CPU
		{9526B78B-88A1-4A4B-9AE7-6573A8B46769}.Debug|Any CPU.ActiveCfg = Debug|Any CPU
		{9526B78B-88A1-4A4B-9AE7-6573A8B46769}.Debug|Any CPU.Build.0 = Debug|Any CPU
		{9526B78B-88A1-4A4B-9AE7-6573A8B46769}.Release|Any CPU.ActiveCfg = Release|Any CPU
		{9526B78B-88A1-4A4B-9AE7-6573A8B46769}.Release|Any CPU.Build.0 = Release|Any CPU
		{BF2533E1-A61A-4ABE-9A43-A46EEDCF0BAE}.Debug|Any CPU.ActiveCfg = Debug|Any CPU
		{BF2533E1-A61A-4ABE-9A43-A46EEDCF0BAE}.Debug|Any CPU.Build.0 = Debug|Any CPU
		{BF2533E1-A61A-4ABE-9A43-A46EEDCF0BAE}.Release|Any CPU.ActiveCfg = Release|Any CPU
		{BF2533E1-A61A-4ABE-9A43-A46EEDCF0BAE}.Release|Any CPU.Build.0 = Release|Any CPU
		{EC6E59EF-3D81-4F4B-BE79-DBC0BF2459CC}.Debug|Any CPU.ActiveCfg = Debug|Any CPU
		{EC6E59EF-3D81-4F4B-BE79-DBC0BF2459CC}.Debug|Any CPU.Build.0 = Debug|Any CPU
		{EC6E59EF-3D81-4F4B-BE79-DBC0BF2459CC}.Release|Any CPU.ActiveCfg = Release|Any CPU
		{EC6E59EF-3D81-4F4B-BE79-DBC0BF2459CC}.Release|Any CPU.Build.0 = Release|Any CPU
		{AC323838-E0AB-4C8C-8085-DAF198CE2C9C}.Debug|Any CPU.ActiveCfg = Debug|Any CPU
		{AC323838-E0AB-4C8C-8085-DAF198CE2C9C}.Debug|Any CPU.Build.0 = Debug|Any CPU
		{AC323838-E0AB-4C8C-8085-DAF198CE2C9C}.Release|Any CPU.ActiveCfg = Release|Any CPU
		{AC323838-E0AB-4C8C-8085-DAF198CE2C9C}.Release|Any CPU.Build.0 = Release|Any CPU
		{7EF24E9D-1566-45A3-9F8C-902598524037}.Debug|Any CPU.ActiveCfg = Debug|Any CPU
		{7EF24E9D-1566-45A3-9F8C-902598524037}.Debug|Any CPU.Build.0 = Debug|Any CPU
		{7EF24E9D-1566-45A3-9F8C-902598524037}.Release|Any CPU.ActiveCfg = Release|Any CPU
		{7EF24E9D-1566-45A3-9F8C-902598524037}.Release|Any CPU.Build.0 = Release|Any CPU
		{A2271FEA-693C-48AA-ADE1-BC7EC889D408}.Debug|Any CPU.ActiveCfg = Debug|Any CPU
		{A2271FEA-693C-48AA-ADE1-BC7EC889D408}.Debug|Any CPU.Build.0 = Debug|Any CPU
		{A2271FEA-693C-48AA-ADE1-BC7EC889D408}.Release|Any CPU.ActiveCfg = Release|Any CPU
		{A2271FEA-693C-48AA-ADE1-BC7EC889D408}.Release|Any CPU.Build.0 = Release|Any CPU
		{4D25317D-15BC-4FD3-A205-E95F304A5317}.Debug|Any CPU.ActiveCfg = Debug|Any CPU
		{4D25317D-15BC-4FD3-A205-E95F304A5317}.Debug|Any CPU.Build.0 = Debug|Any CPU
		{4D25317D-15BC-4FD3-A205-E95F304A5317}.Release|Any CPU.ActiveCfg = Release|Any CPU
		{4D25317D-15BC-4FD3-A205-E95F304A5317}.Release|Any CPU.Build.0 = Release|Any CPU
		{A6FCBB45-0267-40CE-9D52-F9F21CBF39AB}.Debug|Any CPU.ActiveCfg = Debug|Any CPU
		{A6FCBB45-0267-40CE-9D52-F9F21CBF39AB}.Debug|Any CPU.Build.0 = Debug|Any CPU
		{A6FCBB45-0267-40CE-9D52-F9F21CBF39AB}.Release|Any CPU.ActiveCfg = Release|Any CPU
		{A6FCBB45-0267-40CE-9D52-F9F21CBF39AB}.Release|Any CPU.Build.0 = Release|Any CPU
		{384F4FF5-CEFF-456D-8A1B-EAD6E7CD36BE}.Debug|Any CPU.ActiveCfg = Debug|Any CPU
		{384F4FF5-CEFF-456D-8A1B-EAD6E7CD36BE}.Debug|Any CPU.Build.0 = Debug|Any CPU
		{384F4FF5-CEFF-456D-8A1B-EAD6E7CD36BE}.Release|Any CPU.ActiveCfg = Release|Any CPU
		{384F4FF5-CEFF-456D-8A1B-EAD6E7CD36BE}.Release|Any CPU.Build.0 = Release|Any CPU
		{0E60DADE-C499-4D62-86A0-47B422C98154}.Debug|Any CPU.ActiveCfg = Debug|Any CPU
		{0E60DADE-C499-4D62-86A0-47B422C98154}.Debug|Any CPU.Build.0 = Debug|Any CPU
		{0E60DADE-C499-4D62-86A0-47B422C98154}.Release|Any CPU.ActiveCfg = Release|Any CPU
		{0E60DADE-C499-4D62-86A0-47B422C98154}.Release|Any CPU.Build.0 = Release|Any CPU
		{58D75A55-FF55-4E60-A7B6-A0E76EF56129}.Debug|Any CPU.ActiveCfg = Debug|Any CPU
		{58D75A55-FF55-4E60-A7B6-A0E76EF56129}.Debug|Any CPU.Build.0 = Debug|Any CPU
		{58D75A55-FF55-4E60-A7B6-A0E76EF56129}.Release|Any CPU.ActiveCfg = Release|Any CPU
		{58D75A55-FF55-4E60-A7B6-A0E76EF56129}.Release|Any CPU.Build.0 = Release|Any CPU
		{BAF9662A-4498-47B7-A4C2-2B92BB15F8A4}.Debug|Any CPU.ActiveCfg = Debug|Any CPU
		{BAF9662A-4498-47B7-A4C2-2B92BB15F8A4}.Debug|Any CPU.Build.0 = Debug|Any CPU
		{BAF9662A-4498-47B7-A4C2-2B92BB15F8A4}.Release|Any CPU.ActiveCfg = Release|Any CPU
		{BAF9662A-4498-47B7-A4C2-2B92BB15F8A4}.Release|Any CPU.Build.0 = Release|Any CPU
		{95FF185F-777E-40F3-839B-E2BC7F252500}.Debug|Any CPU.ActiveCfg = Debug|Any CPU
		{95FF185F-777E-40F3-839B-E2BC7F252500}.Debug|Any CPU.Build.0 = Debug|Any CPU
		{95FF185F-777E-40F3-839B-E2BC7F252500}.Release|Any CPU.ActiveCfg = Release|Any CPU
		{95FF185F-777E-40F3-839B-E2BC7F252500}.Release|Any CPU.Build.0 = Release|Any CPU
		{08694EAF-1722-4D56-A70B-7720487A1572}.Debug|Any CPU.ActiveCfg = Debug|Any CPU
		{08694EAF-1722-4D56-A70B-7720487A1572}.Debug|Any CPU.Build.0 = Debug|Any CPU
		{08694EAF-1722-4D56-A70B-7720487A1572}.Release|Any CPU.ActiveCfg = Release|Any CPU
		{08694EAF-1722-4D56-A70B-7720487A1572}.Release|Any CPU.Build.0 = Release|Any CPU
		{982C463B-6630-4EB5-B518-829036B4B009}.Debug|Any CPU.ActiveCfg = Debug|Any CPU
		{982C463B-6630-4EB5-B518-829036B4B009}.Debug|Any CPU.Build.0 = Debug|Any CPU
		{982C463B-6630-4EB5-B518-829036B4B009}.Release|Any CPU.ActiveCfg = Release|Any CPU
		{982C463B-6630-4EB5-B518-829036B4B009}.Release|Any CPU.Build.0 = Release|Any CPU
		{78266B90-7BD6-44D3-AAF3-3264D47D0015}.Debug|Any CPU.ActiveCfg = Debug|Any CPU
		{78266B90-7BD6-44D3-AAF3-3264D47D0015}.Debug|Any CPU.Build.0 = Debug|Any CPU
		{78266B90-7BD6-44D3-AAF3-3264D47D0015}.Release|Any CPU.ActiveCfg = Release|Any CPU
		{78266B90-7BD6-44D3-AAF3-3264D47D0015}.Release|Any CPU.Build.0 = Release|Any CPU
		{6EC34A53-619E-4269-AD3C-5799F3FA990B}.Debug|Any CPU.ActiveCfg = Debug|Any CPU
		{6EC34A53-619E-4269-AD3C-5799F3FA990B}.Debug|Any CPU.Build.0 = Debug|Any CPU
		{6EC34A53-619E-4269-AD3C-5799F3FA990B}.Release|Any CPU.ActiveCfg = Release|Any CPU
		{6EC34A53-619E-4269-AD3C-5799F3FA990B}.Release|Any CPU.Build.0 = Release|Any CPU
		{7594DCF2-FBFC-448A-923F-0572B6FE6487}.Debug|Any CPU.ActiveCfg = Debug|Any CPU
		{7594DCF2-FBFC-448A-923F-0572B6FE6487}.Debug|Any CPU.Build.0 = Debug|Any CPU
		{7594DCF2-FBFC-448A-923F-0572B6FE6487}.Release|Any CPU.ActiveCfg = Release|Any CPU
		{7594DCF2-FBFC-448A-923F-0572B6FE6487}.Release|Any CPU.Build.0 = Release|Any CPU
		{8648EA52-DDF2-41E0-994D-74C0DB91653F}.Debug|Any CPU.ActiveCfg = Debug|Any CPU
		{8648EA52-DDF2-41E0-994D-74C0DB91653F}.Debug|Any CPU.Build.0 = Debug|Any CPU
		{8648EA52-DDF2-41E0-994D-74C0DB91653F}.Release|Any CPU.ActiveCfg = Release|Any CPU
		{8648EA52-DDF2-41E0-994D-74C0DB91653F}.Release|Any CPU.Build.0 = Release|Any CPU
	EndGlobalSection
	GlobalSection(SolutionProperties) = preSolution
		HideSolutionNode = FALSE
	EndGlobalSection
	GlobalSection(NestedProjects) = preSolution
		{79592054-E16B-4F16-AC46-1A38A6F34FE9} = {726F2CD0-939F-43E2-9606-DB21B0204302}
		{76EA663A-884D-43A3-863C-7A7965770453} = {726F2CD0-939F-43E2-9606-DB21B0204302}
		{8A788EE5-E070-40BC-9AEE-BFF2E2FEAB15} = {726F2CD0-939F-43E2-9606-DB21B0204302}
		{98E5E6E6-22F0-4B9C-92B8-71B1812DD595} = {76EA663A-884D-43A3-863C-7A7965770453}
		{7EEBB81F-9891-4630-9371-4C58F558B8B2} = {79592054-E16B-4F16-AC46-1A38A6F34FE9}
		{9526B78B-88A1-4A4B-9AE7-6573A8B46769} = {79592054-E16B-4F16-AC46-1A38A6F34FE9}
		{BF2533E1-A61A-4ABE-9A43-A46EEDCF0BAE} = {79592054-E16B-4F16-AC46-1A38A6F34FE9}
		{EC6E59EF-3D81-4F4B-BE79-DBC0BF2459CC} = {79592054-E16B-4F16-AC46-1A38A6F34FE9}
		{F784472E-08D2-4B25-BBAB-6BFBC163F2A6} = {76EA663A-884D-43A3-863C-7A7965770453}
		{AC323838-E0AB-4C8C-8085-DAF198CE2C9C} = {F784472E-08D2-4B25-BBAB-6BFBC163F2A6}
		{611C58A5-3FCA-4A4F-BEF4-5E22D5C5E5E8} = {76EA663A-884D-43A3-863C-7A7965770453}
		{7EF24E9D-1566-45A3-9F8C-902598524037} = {8A788EE5-E070-40BC-9AEE-BFF2E2FEAB15}
		{93EDEE5B-4805-4946-8578-97C518AA89B9} = {76EA663A-884D-43A3-863C-7A7965770453}
		{A2271FEA-693C-48AA-ADE1-BC7EC889D408} = {611C58A5-3FCA-4A4F-BEF4-5E22D5C5E5E8}
		{4D25317D-15BC-4FD3-A205-E95F304A5317} = {611C58A5-3FCA-4A4F-BEF4-5E22D5C5E5E8}
		{A6FCBB45-0267-40CE-9D52-F9F21CBF39AB} = {93EDEE5B-4805-4946-8578-97C518AA89B9}
		{384F4FF5-CEFF-456D-8A1B-EAD6E7CD36BE} = {93EDEE5B-4805-4946-8578-97C518AA89B9}
		{0E60DADE-C499-4D62-86A0-47B422C98154} = {93EDEE5B-4805-4946-8578-97C518AA89B9}
		{58D75A55-FF55-4E60-A7B6-A0E76EF56129} = {93EDEE5B-4805-4946-8578-97C518AA89B9}
		{BAF9662A-4498-47B7-A4C2-2B92BB15F8A4} = {93EDEE5B-4805-4946-8578-97C518AA89B9}
		{95FF185F-777E-40F3-839B-E2BC7F252500} = {93EDEE5B-4805-4946-8578-97C518AA89B9}
		{08694EAF-1722-4D56-A70B-7720487A1572} = {79592054-E16B-4F16-AC46-1A38A6F34FE9}
		{413001E0-593C-4F38-978B-067C060DA081} = {76EA663A-884D-43A3-863C-7A7965770453}
		{982C463B-6630-4EB5-B518-829036B4B009} = {413001E0-593C-4F38-978B-067C060DA081}
		{07FB6F3B-9101-44F7-A80E-128A0C2F1924} = {76EA663A-884D-43A3-863C-7A7965770453}
		{78266B90-7BD6-44D3-AAF3-3264D47D0015} = {07FB6F3B-9101-44F7-A80E-128A0C2F1924}
		{D4D8D278-EC03-4EA5-A63C-71D6288892C2} = {76EA663A-884D-43A3-863C-7A7965770453}
		{6EC34A53-619E-4269-AD3C-5799F3FA990B} = {98E5E6E6-22F0-4B9C-92B8-71B1812DD595}
		{7594DCF2-FBFC-448A-923F-0572B6FE6487} = {D4D8D278-EC03-4EA5-A63C-71D6288892C2}
		{8648EA52-DDF2-41E0-994D-74C0DB91653F} = {6BD13FCE-9B8D-4726-9B84-C535FEDA321C}
	EndGlobalSection
	GlobalSection(ExtensibilityGlobals) = postSolution
		SolutionGuid = {5D1240B6-B0FF-4493-8025-3148F42A9A02}
	EndGlobalSection
EndGlobal
